// !$*UTF8*$!
{
	archiveVersion = 1;
	classes = {
	};
	objectVersion = 50;
	objects = {

/* Begin PBXBuildFile section */
		2AB23FCE24A1421200C52478 /* AppDelegate.swift in Sources */ = {isa = PBXBuildFile; fileRef = 2AB23FCD24A1421200C52478 /* AppDelegate.swift */; };
		2AB23FD024A1421200C52478 /* SceneDelegate.swift in Sources */ = {isa = PBXBuildFile; fileRef = 2AB23FCF24A1421200C52478 /* SceneDelegate.swift */; };
		2AB23FD324A1421200C52478 /* notesapp.xcdatamodeld in Sources */ = {isa = PBXBuildFile; fileRef = 2AB23FD124A1421200C52478 /* notesapp.xcdatamodeld */; };
		2AB23FD524A1421200C52478 /* ContentView.swift in Sources */ = {isa = PBXBuildFile; fileRef = 2AB23FD424A1421200C52478 /* ContentView.swift */; };
		2AB23FD724A1421600C52478 /* Assets.xcassets in Resources */ = {isa = PBXBuildFile; fileRef = 2AB23FD624A1421600C52478 /* Assets.xcassets */; };
		2AB23FDA24A1421600C52478 /* Preview Assets.xcassets in Resources */ = {isa = PBXBuildFile; fileRef = 2AB23FD924A1421600C52478 /* Preview Assets.xcassets */; };
		2AB23FDD24A1421600C52478 /* LaunchScreen.storyboard in Resources */ = {isa = PBXBuildFile; fileRef = 2AB23FDB24A1421600C52478 /* LaunchScreen.storyboard */; };
/* End PBXBuildFile section */

/* Begin PBXFileReference section */
		2AB23FCA24A1421200C52478 /* notesapp.app */ = {isa = PBXFileReference; explicitFileType = wrapper.application; includeInIndex = 0; path = notesapp.app; sourceTree = BUILT_PRODUCTS_DIR; };
		2AB23FCD24A1421200C52478 /* AppDelegate.swift */ = {isa = PBXFileReference; lastKnownFileType = sourcecode.swift; path = AppDelegate.swift; sourceTree = "<group>"; };
		2AB23FCF24A1421200C52478 /* SceneDelegate.swift */ = {isa = PBXFileReference; lastKnownFileType = sourcecode.swift; path = SceneDelegate.swift; sourceTree = "<group>"; };
		2AB23FD224A1421200C52478 /* notesapp.xcdatamodel */ = {isa = PBXFileReference; lastKnownFileType = wrapper.xcdatamodel; path = notesapp.xcdatamodel; sourceTree = "<group>"; };
		2AB23FD424A1421200C52478 /* ContentView.swift */ = {isa = PBXFileReference; lastKnownFileType = sourcecode.swift; path = ContentView.swift; sourceTree = "<group>"; };
		2AB23FD624A1421600C52478 /* Assets.xcassets */ = {isa = PBXFileReference; lastKnownFileType = folder.assetcatalog; path = Assets.xcassets; sourceTree = "<group>"; };
		2AB23FD924A1421600C52478 /* Preview Assets.xcassets */ = {isa = PBXFileReference; lastKnownFileType = folder.assetcatalog; path = "Preview Assets.xcassets"; sourceTree = "<group>"; };
		2AB23FDC24A1421600C52478 /* Base */ = {isa = PBXFileReference; lastKnownFileType = file.storyboard; name = Base; path = Base.lproj/LaunchScreen.storyboard; sourceTree = "<group>"; };
		2AB23FDE24A1421600C52478 /* Info.plist */ = {isa = PBXFileReference; lastKnownFileType = text.plist.xml; path = Info.plist; sourceTree = "<group>"; };
/* End PBXFileReference section */

/* Begin PBXFrameworksBuildPhase section */
		2AB23FC724A1421200C52478 /* Frameworks */ = {
			isa = PBXFrameworksBuildPhase;
			buildActionMask = 2147483647;
			files = (
			);
			runOnlyForDeploymentPostprocessing = 0;
		};
/* End PBXFrameworksBuildPhase section */

/* Begin PBXGroup section */
		2AB23FC124A1421200C52478 = {
			isa = PBXGroup;
			children = (
				2AB23FCC24A1421200C52478 /* notesapp */,
				2AB23FCB24A1421200C52478 /* Products */,
			);
			sourceTree = "<group>";
		};
		2AB23FCB24A1421200C52478 /* Products */ = {
			isa = PBXGroup;
			children = (
				2AB23FCA24A1421200C52478 /* notesapp.app */,
			);
			name = Products;
			sourceTree = "<group>";
		};
		2AB23FCC24A1421200C52478 /* notesapp */ = {
			isa = PBXGroup;
			children = (
				2AB23FCD24A1421200C52478 /* AppDelegate.swift */,
				2AB23FCF24A1421200C52478 /* SceneDelegate.swift */,
				2AB23FD424A1421200C52478 /* ContentView.swift */,
				2AB23FD624A1421600C52478 /* Assets.xcassets */,
				2AB23FDB24A1421600C52478 /* LaunchScreen.storyboard */,
				2AB23FDE24A1421600C52478 /* Info.plist */,
				2AB23FD124A1421200C52478 /* notesapp.xcdatamodeld */,
				2AB23FD824A1421600C52478 /* Preview Content */,
			);
			path = notesapp;
			sourceTree = "<group>";
		};
		2AB23FD824A1421600C52478 /* Preview Content */ = {
			isa = PBXGroup;
			children = (
				2AB23FD924A1421600C52478 /* Preview Assets.xcassets */,
			);
			path = "Preview Content";
			sourceTree = "<group>";
		};
/* End PBXGroup section */

/* Begin PBXNativeTarget section */
		2AB23FC924A1421200C52478 /* notesapp */ = {
			isa = PBXNativeTarget;
			buildConfigurationList = 2AB23FE124A1421600C52478 /* Build configuration list for PBXNativeTarget "notesapp" */;
			buildPhases = (
				2AB23FC624A1421200C52478 /* Sources */,
				2AB23FC724A1421200C52478 /* Frameworks */,
				2AB23FC824A1421200C52478 /* Resources */,
			);
			buildRules = (
			);
			dependencies = (
			);
			name = notesapp;
			productName = notesapp;
			productReference = 2AB23FCA24A1421200C52478 /* notesapp.app */;
			productType = "com.apple.product-type.application";
		};
/* End PBXNativeTarget section */

/* Begin PBXProject section */
		2AB23FC224A1421200C52478 /* Project object */ = {
			isa = PBXProject;
			attributes = {
				LastSwiftUpdateCheck = 1150;
				LastUpgradeCheck = 1150;
				ORGANIZATIONNAME = "Gabriel Ferreira";
				TargetAttributes = {
					2AB23FC924A1421200C52478 = {
						CreatedOnToolsVersion = 11.5;
					};
				};
			};
			buildConfigurationList = 2AB23FC524A1421200C52478 /* Build configuration list for PBXProject "notesapp" */;
			compatibilityVersion = "Xcode 9.3";
			developmentRegion = en;
			hasScannedForEncodings = 0;
			knownRegions = (
				en,
				Base,
			);
			mainGroup = 2AB23FC124A1421200C52478;
			productRefGroup = 2AB23FCB24A1421200C52478 /* Products */;
			projectDirPath = "";
			projectRoot = "";
			targets = (
				2AB23FC924A1421200C52478 /* notesapp */,
			);
		};
/* End PBXProject section */

/* Begin PBXResourcesBuildPhase section */
		2AB23FC824A1421200C52478 /* Resources */ = {
			isa = PBXResourcesBuildPhase;
			buildActionMask = 2147483647;
			files = (
				2AB23FDD24A1421600C52478 /* LaunchScreen.storyboard in Resources */,
				2AB23FDA24A1421600C52478 /* Preview Assets.xcassets in Resources */,
				2AB23FD724A1421600C52478 /* Assets.xcassets in Resources */,
			);
			runOnlyForDeploymentPostprocessing = 0;
		};
/* End PBXResourcesBuildPhase section */

/* Begin PBXSourcesBuildPhase section */
		2AB23FC624A1421200C52478 /* Sources */ = {
			isa = PBXSourcesBuildPhase;
			buildActionMask = 2147483647;
			files = (
				2AB23FD324A1421200C52478 /* notesapp.xcdatamodeld in Sources */,
				2AB23FCE24A1421200C52478 /* AppDelegate.swift in Sources */,
				2AB23FD524A1421200C52478 /* ContentView.swift in Sources */,
				2AB23FD024A1421200C52478 /* SceneDelegate.swift in Sources */,
			);
			runOnlyForDeploymentPostprocessing = 0;
		};
/* End PBXSourcesBuildPhase section */

/* Begin PBXVariantGroup section */
		2AB23FDB24A1421600C52478 /* LaunchScreen.storyboard */ = {
			isa = PBXVariantGroup;
			children = (
				2AB23FDC24A1421600C52478 /* Base */,
			);
			name = LaunchScreen.storyboard;
			sourceTree = "<group>";
		};
/* End PBXVariantGroup section */

/* Begin XCBuildConfiguration section */
		2AB23FDF24A1421600C52478 /* Debug */ = {
			isa = XCBuildConfiguration;
			buildSettings = {
				ALWAYS_SEARCH_USER_PATHS = NO;
				CLANG_ANALYZER_NONNULL = YES;
				CLANG_ANALYZER_NUMBER_OBJECT_CONVERSION = YES_AGGRESSIVE;
				CLANG_CXX_LANGUAGE_STANDARD = "gnu++14";
				CLANG_CXX_LIBRARY = "libc++";
				CLANG_ENABLE_MODULES = YES;
				CLANG_ENABLE_OBJC_ARC = YES;
				CLANG_ENABLE_OBJC_WEAK = YES;
				CLANG_WARN_BLOCK_CAPTURE_AUTORELEASING = YES;
				CLANG_WARN_BOOL_CONVERSION = YES;
				CLANG_WARN_COMMA = YES;
				CLANG_WARN_CONSTANT_CONVERSION = YES;
				CLANG_WARN_DEPRECATED_OBJC_IMPLEMENTATIONS = YES;
				CLANG_WARN_DIRECT_OBJC_ISA_USAGE = YES_ERROR;
				CLANG_WARN_DOCUMENTATION_COMMENTS = YES;
				CLANG_WARN_EMPTY_BODY = YES;
				CLANG_WARN_ENUM_CONVERSION = YES;
				CLANG_WARN_INFINITE_RECURSION = YES;
				CLANG_WARN_INT_CONVERSION = YES;
				CLANG_WARN_NON_LITERAL_NULL_CONVERSION = YES;
				CLANG_WARN_OBJC_IMPLICIT_RETAIN_SELF = YES;
				CLANG_WARN_OBJC_LITERAL_CONVERSION = YES;
				CLANG_WARN_OBJC_ROOT_CLASS = YES_ERROR;
				CLANG_WARN_RANGE_LOOP_ANALYSIS = YES;
				CLANG_WARN_STRICT_PROTOTYPES = YES;
				CLANG_WARN_SUSPICIOUS_MOVE = YES;
				CLANG_WARN_UNGUARDED_AVAILABILITY = YES_AGGRESSIVE;
				CLANG_WARN_UNREACHABLE_CODE = YES;
				CLANG_WARN__DUPLICATE_METHOD_MATCH = YES;
				COPY_PHASE_STRIP = NO;
				DEBUG_INFORMATION_FORMAT = dwarf;
				ENABLE_STRICT_OBJC_MSGSEND = YES;
				ENABLE_TESTABILITY = YES;
				GCC_C_LANGUAGE_STANDARD = gnu11;
				GCC_DYNAMIC_NO_PIC = NO;
				GCC_NO_COMMON_BLOCKS = YES;
				GCC_OPTIMIZATION_LEVEL = 0;
				GCC_PREPROCESSOR_DEFINITIONS = (
					"DEBUG=1",
					"$(inherited)",
				);
				GCC_WARN_64_TO_32_BIT_CONVERSION = YES;
				GCC_WARN_ABOUT_RETURN_TYPE = YES_ERROR;
				GCC_WARN_UNDECLARED_SELECTOR = YES;
				GCC_WARN_UNINITIALIZED_AUTOS = YES_AGGRESSIVE;
				GCC_WARN_UNUSED_FUNCTION = YES;
				GCC_WARN_UNUSED_VARIABLE = YES;
				IPHONEOS_DEPLOYMENT_TARGET = 13.5;
				MTL_ENABLE_DEBUG_INFO = INCLUDE_SOURCE;
				MTL_FAST_MATH = YES;
				ONLY_ACTIVE_ARCH = YES;
				SDKROOT = iphoneos;
				SWIFT_ACTIVE_COMPILATION_CONDITIONS = DEBUG;
				SWIFT_OPTIMIZATION_LEVEL = "-Onone";
			};
			name = Debug;
		};
		2AB23FE024A1421600C52478 /* Release */ = {
			isa = XCBuildConfiguration;
			buildSettings = {
				ALWAYS_SEARCH_USER_PATHS = NO;
				CLANG_ANALYZER_NONNULL = YES;
				CLANG_ANALYZER_NUMBER_OBJECT_CONVERSION = YES_AGGRESSIVE;
				CLANG_CXX_LANGUAGE_STANDARD = "gnu++14";
				CLANG_CXX_LIBRARY = "libc++";
				CLANG_ENABLE_MODULES = YES;
				CLANG_ENABLE_OBJC_ARC = YES;
				CLANG_ENABLE_OBJC_WEAK = YES;
				CLANG_WARN_BLOCK_CAPTURE_AUTORELEASING = YES;
				CLANG_WARN_BOOL_CONVERSION = YES;
				CLANG_WARN_COMMA = YES;
				CLANG_WARN_CONSTANT_CONVERSION = YES;
				CLANG_WARN_DEPRECATED_OBJC_IMPLEMENTATIONS = YES;
				CLANG_WARN_DIRECT_OBJC_ISA_USAGE = YES_ERROR;
				CLANG_WARN_DOCUMENTATION_COMMENTS = YES;
				CLANG_WARN_EMPTY_BODY = YES;
				CLANG_WARN_ENUM_CONVERSION = YES;
				CLANG_WARN_INFINITE_RECURSION = YES;
				CLANG_WARN_INT_CONVERSION = YES;
				CLANG_WARN_NON_LITERAL_NULL_CONVERSION = YES;
				CLANG_WARN_OBJC_IMPLICIT_RETAIN_SELF = YES;
				CLANG_WARN_OBJC_LITERAL_CONVERSION = YES;
				CLANG_WARN_OBJC_ROOT_CLASS = YES_ERROR;
				CLANG_WARN_RANGE_LOOP_ANALYSIS = YES;
				CLANG_WARN_STRICT_PROTOTYPES = YES;
				CLANG_WARN_SUSPICIOUS_MOVE = YES;
				CLANG_WARN_UNGUARDED_AVAILABILITY = YES_AGGRESSIVE;
				CLANG_WARN_UNREACHABLE_CODE = YES;
				CLANG_WARN__DUPLICATE_METHOD_MATCH = YES;
				COPY_PHASE_STRIP = NO;
				DEBUG_INFORMATION_FORMAT = "dwarf-with-dsym";
				ENABLE_NS_ASSERTIONS = NO;
				ENABLE_STRICT_OBJC_MSGSEND = YES;
				GCC_C_LANGUAGE_STANDARD = gnu11;
				GCC_NO_COMMON_BLOCKS = YES;
				GCC_WARN_64_TO_32_BIT_CONVERSION = YES;
				GCC_WARN_ABOUT_RETURN_TYPE = YES_ERROR;
				GCC_WARN_UNDECLARED_SELECTOR = YES;
				GCC_WARN_UNINITIALIZED_AUTOS = YES_AGGRESSIVE;
				GCC_WARN_UNUSED_FUNCTION = YES;
				GCC_WARN_UNUSED_VARIABLE = YES;
				IPHONEOS_DEPLOYMENT_TARGET = 13.5;
				MTL_ENABLE_DEBUG_INFO = NO;
				MTL_FAST_MATH = YES;
				SDKROOT = iphoneos;
				SWIFT_COMPILATION_MODE = wholemodule;
				SWIFT_OPTIMIZATION_LEVEL = "-O";
				VALIDATE_PRODUCT = YES;
			};
			name = Release;
		};
		2AB23FE224A1421600C52478 /* Debug */ = {
			isa = XCBuildConfiguration;
			buildSettings = {
				ASSETCATALOG_COMPILER_APPICON_NAME = AppIcon;
				CODE_SIGN_STYLE = Automatic;
				DEVELOPMENT_ASSET_PATHS = "\"notesapp/Preview Content\"";
				DEVELOPMENT_TEAM = C7CS39R779;
				ENABLE_PREVIEWS = YES;
				INFOPLIST_FILE = notesapp/Info.plist;
				LD_RUNPATH_SEARCH_PATHS = (
					"$(inherited)",
					"@executable_path/Frameworks",
				);
				PRODUCT_BUNDLE_IDENTIFIER = gabrielferreira.notesapp;
				PRODUCT_NAME = "$(TARGET_NAME)";
				SWIFT_VERSION = 5.0;
				TARGETED_DEVICE_FAMILY = "1,2";
			};
			name = Debug;
		};
		2AB23FE324A1421600C52478 /* Release */ = {
			isa = XCBuildConfiguration;
			buildSettings = {
				ASSETCATALOG_COMPILER_APPICON_NAME = AppIcon;
				CODE_SIGN_STYLE = Automatic;
				DEVELOPMENT_ASSET_PATHS = "\"notesapp/Preview Content\"";
				DEVELOPMENT_TEAM = C7CS39R779;
				ENABLE_PREVIEWS = YES;
				INFOPLIST_FILE = notesapp/Info.plist;
				LD_RUNPATH_SEARCH_PATHS = (
					"$(inherited)",
					"@executable_path/Frameworks",
				);
				PRODUCT_BUNDLE_IDENTIFIER = gabrielferreira.notesapp;
				PRODUCT_NAME = "$(TARGET_NAME)";
				SWIFT_VERSION = 5.0;
				TARGETED_DEVICE_FAMILY = "1,2";
			};
			name = Release;
		};
/* End XCBuildConfiguration section */

/* Begin XCConfigurationList section */
		2AB23FC524A1421200C52478 /* Build configuration list for PBXProject "notesapp" */ = {
			isa = XCConfigurationList;
			buildConfigurations = (
				2AB23FDF24A1421600C52478 /* Debug */,
				2AB23FE024A1421600C52478 /* Release */,
			);
			defaultConfigurationIsVisible = 0;
			defaultConfigurationName = Release;
		};
		2AB23FE124A1421600C52478 /* Build configuration list for PBXNativeTarget "notesapp" */ = {
			isa = XCConfigurationList;
			buildConfigurations = (
				2AB23FE224A1421600C52478 /* Debug */,
				2AB23FE324A1421600C52478 /* Release */,
			);
			defaultConfigurationIsVisible = 0;
			defaultConfigurationName = Release;
		};
/* End XCConfigurationList section */

/* Begin XCVersionGroup section */
		2AB23FD124A1421200C52478 /* notesapp.xcdatamodeld */ = {
			isa = XCVersionGroup;
			children = (
				2AB23FD224A1421200C52478 /* notesapp.xcdatamodel */,
			);
			currentVersion = 2AB23FD224A1421200C52478 /* notesapp.xcdatamodel */;
			path = notesapp.xcdatamodeld;
			sourceTree = "<group>";
			versionGroupType = wrapper.xcdatamodel;
		};
/* End XCVersionGroup section */
	};
	rootObject = 2AB23FC224A1421200C52478 /* Project object */;
}
